
Microsoft Visual Studio Solution File, Format Version 12.00
# Visual Studio 15
VisualStudioVersion = 15.0.27004.2002
MinimumVisualStudioVersion = 10.0.40219.1
Project("{FAE04EC0-301F-11D3-BF4B-00C04F79EFBC}") = "SolverFtest", "SolverFtest\SolverFtest.csproj", "{9A06997F-92B5-4B7A-A2A4-8E28750390FC}"
EndProject
Global
	GlobalSection(SolutionConfigurationPlatforms) = preSolution
		Debug|Any CPU = Debug|Any CPU
		Release|Any CPU = Release|Any CPU
	EndGlobalSection
	GlobalSection(ProjectConfigurationPlatforms) = postSolution
		{9A06997F-92B5-4B7A-A2A4-8E28750390FC}.Debug|Any CPU.ActiveCfg = Debug|Any CPU
		{9A06997F-92B5-4B7A-A2A4-8E28750390FC}.Debug|Any CPU.Build.0 = Debug|Any CPU
		{9A06997F-92B5-4B7A-A2A4-8E28750390FC}.Release|Any CPU.ActiveCfg = Release|Any CPU
		{9A06997F-92B5-4B7A-A2A4-8E28750390FC}.Release|Any CPU.Build.0 = Release|Any CPU
	EndGlobalSection
	GlobalSection(SolutionProperties) = preSolution
		HideSolutionNode = FALSE
	EndGlobalSection
	GlobalSection(ExtensibilityGlobals) = postSolution
		SolutionGuid = {7019DC5D-CBC3-47B4-A3D2-E1F39EA72AD3}
	EndGlobalSection
EndGlobal
