
Microsoft Visual Studio Solution File, Format Version 12.00
# Visual Studio 15
VisualStudioVersion = 15.0.26228.4
MinimumVisualStudioVersion = 10.0.40219.1
Project("{FAE04EC0-301F-11D3-BF4B-00C04F79EFBC}") = "IO", "IO\IO.csproj", "{C563CB45-FDD1-4759-8C31-6B6C829C49B1}"
EndProject
Project("{FAE04EC0-301F-11D3-BF4B-00C04F79EFBC}") = "Utils", "Utils\Utils.csproj", "{C9D16DC6-E9AC-43C3-A95E-61A9A86DB3DC}"
EndProject
Project("{FAE04EC0-301F-11D3-BF4B-00C04F79EFBC}") = "Core", "Core\Core.csproj", "{0EE4CBA0-811E-4454-A2D5-92FAC35F43C2}"
EndProject
Global
	GlobalSection(SolutionConfigurationPlatforms) = preSolution
		Debug|Any CPU = Debug|Any CPU
		Release|Any CPU = Release|Any CPU
	EndGlobalSection
	GlobalSection(ProjectConfigurationPlatforms) = postSolution
		{C563CB45-FDD1-4759-8C31-6B6C829C49B1}.Debug|Any CPU.ActiveCfg = Debug|Any CPU
		{C563CB45-FDD1-4759-8C31-6B6C829C49B1}.Debug|Any CPU.Build.0 = Debug|Any CPU
		{C563CB45-FDD1-4759-8C31-6B6C829C49B1}.Release|Any CPU.ActiveCfg = Release|Any CPU
		{C563CB45-FDD1-4759-8C31-6B6C829C49B1}.Release|Any CPU.Build.0 = Release|Any CPU
		{C9D16DC6-E9AC-43C3-A95E-61A9A86DB3DC}.Debug|Any CPU.ActiveCfg = Debug|Any CPU
		{C9D16DC6-E9AC-43C3-A95E-61A9A86DB3DC}.Debug|Any CPU.Build.0 = Debug|Any CPU
		{C9D16DC6-E9AC-43C3-A95E-61A9A86DB3DC}.Release|Any CPU.ActiveCfg = Release|Any CPU
		{C9D16DC6-E9AC-43C3-A95E-61A9A86DB3DC}.Release|Any CPU.Build.0 = Release|Any CPU
		{0EE4CBA0-811E-4454-A2D5-92FAC35F43C2}.Debug|Any CPU.ActiveCfg = Debug|Any CPU
		{0EE4CBA0-811E-4454-A2D5-92FAC35F43C2}.Debug|Any CPU.Build.0 = Debug|Any CPU
		{0EE4CBA0-811E-4454-A2D5-92FAC35F43C2}.Release|Any CPU.ActiveCfg = Release|Any CPU
		{0EE4CBA0-811E-4454-A2D5-92FAC35F43C2}.Release|Any CPU.Build.0 = Release|Any CPU
	EndGlobalSection
	GlobalSection(SolutionProperties) = preSolution
		HideSolutionNode = FALSE
	EndGlobalSection
EndGlobal
