
Microsoft Visual Studio Solution File, Format Version 12.00
# Visual Studio 15
VisualStudioVersion = 15.0.27004.2002
MinimumVisualStudioVersion = 10.0.40219.1
Project("{FAE04EC0-301F-11D3-BF4B-00C04F79EFBC}") = "Transporte", "Transporte\Transporte.csproj", "{519D5DBA-A55A-480F-AE25-5A7FED89446E}"
EndProject
Global
	GlobalSection(SolutionConfigurationPlatforms) = preSolution
		Debug|Any CPU = Debug|Any CPU
		Release|Any CPU = Release|Any CPU
	EndGlobalSection
	GlobalSection(ProjectConfigurationPlatforms) = postSolution
		{519D5DBA-A55A-480F-AE25-5A7FED89446E}.Debug|Any CPU.ActiveCfg = Debug|Any CPU
		{519D5DBA-A55A-480F-AE25-5A7FED89446E}.Debug|Any CPU.Build.0 = Debug|Any CPU
		{519D5DBA-A55A-480F-AE25-5A7FED89446E}.Release|Any CPU.ActiveCfg = Release|Any CPU
		{519D5DBA-A55A-480F-AE25-5A7FED89446E}.Release|Any CPU.Build.0 = Release|Any CPU
	EndGlobalSection
	GlobalSection(SolutionProperties) = preSolution
		HideSolutionNode = FALSE
	EndGlobalSection
	GlobalSection(ExtensibilityGlobals) = postSolution
		SolutionGuid = {CB9D96C8-41D8-4B15-9A66-5115498C196B}
	EndGlobalSection
EndGlobal
